// !$*UTF8*$!
{
	archiveVersion = 1;
	classes = {
	};
	objectVersion = 50;
	objects = {

/* Begin PBXBuildFile section */
		DEB6D700259CA44900470473 /* TableViewCell.swift in Sources */ = {isa = PBXBuildFile; fileRef = DEB6D6FF259CA44900470473 /* TableViewCell.swift */; };
		DEB6D704259CA9EA00470473 /* Assets in Resources */ = {isa = PBXBuildFile; fileRef = DEB6D703259CA9EA00470473 /* Assets */; };
		DEB6D70C259CAE6900470473 /* ViagemDAO.swift in Sources */ = {isa = PBXBuildFile; fileRef = DEB6D70A259CAE1600470473 /* ViagemDAO.swift */; };
		DEB6D711259CEEBF00470473 /* PacotesViagensViewController.swift in Sources */ = {isa = PBXBuildFile; fileRef = DEB6D710259CEEBF00470473 /* PacotesViagensViewController.swift */; };
		DEB6D713259CF15300470473 /* PacoteViagemCollectionViewCell.swift in Sources */ = {isa = PBXBuildFile; fileRef = DEB6D712259CF15300470473 /* PacoteViagemCollectionViewCell.swift */; };
		DEBAD051259BA1420029D798 /* AppDelegate.swift in Sources */ = {isa = PBXBuildFile; fileRef = DEBAD050259BA1420029D798 /* AppDelegate.swift */; };
		DEBAD053259BA1420029D798 /* ViewController.swift in Sources */ = {isa = PBXBuildFile; fileRef = DEBAD052259BA1420029D798 /* ViewController.swift */; };
		DEBAD056259BA1420029D798 /* Main.storyboard in Resources */ = {isa = PBXBuildFile; fileRef = DEBAD054259BA1420029D798 /* Main.storyboard */; };
		DEBAD058259BA1460029D798 /* Assets.xcassets in Resources */ = {isa = PBXBuildFile; fileRef = DEBAD057259BA1460029D798 /* Assets.xcassets */; };
		DEBAD05B259BA1460029D798 /* LaunchScreen.storyboard in Resources */ = {isa = PBXBuildFile; fileRef = DEBAD059259BA1460029D798 /* LaunchScreen.storyboard */; };
		DEBAD063259BB43B0029D798 /* Viagem.swift in Sources */ = {isa = PBXBuildFile; fileRef = DEBAD062259BB43B0029D798 /* Viagem.swift */; };
/* End PBXBuildFile section */

/* Begin PBXFileReference section */
		DEB6D6FF259CA44900470473 /* TableViewCell.swift */ = {isa = PBXFileReference; lastKnownFileType = sourcecode.swift; path = TableViewCell.swift; sourceTree = "<group>"; };
		DEB6D703259CA9EA00470473 /* Assets */ = {isa = PBXFileReference; lastKnownFileType = folder; name = Assets; path = "../../../../Downloads/Arquivos Projeto/Assets"; sourceTree = "<group>"; };
		DEB6D70A259CAE1600470473 /* ViagemDAO.swift */ = {isa = PBXFileReference; lastKnownFileType = sourcecode.swift; path = ViagemDAO.swift; sourceTree = "<group>"; };
		DEB6D710259CEEBF00470473 /* PacotesViagensViewController.swift */ = {isa = PBXFileReference; lastKnownFileType = sourcecode.swift; path = PacotesViagensViewController.swift; sourceTree = "<group>"; };
		DEB6D712259CF15300470473 /* PacoteViagemCollectionViewCell.swift */ = {isa = PBXFileReference; lastKnownFileType = sourcecode.swift; path = PacoteViagemCollectionViewCell.swift; sourceTree = "<group>"; };
		DEBAD04D259BA1420029D798 /* alura-viagens.app */ = {isa = PBXFileReference; explicitFileType = wrapper.application; includeInIndex = 0; path = "alura-viagens.app"; sourceTree = BUILT_PRODUCTS_DIR; };
		DEBAD050259BA1420029D798 /* AppDelegate.swift */ = {isa = PBXFileReference; lastKnownFileType = sourcecode.swift; path = AppDelegate.swift; sourceTree = "<group>"; };
		DEBAD052259BA1420029D798 /* ViewController.swift */ = {isa = PBXFileReference; lastKnownFileType = sourcecode.swift; path = ViewController.swift; sourceTree = "<group>"; };
		DEBAD055259BA1420029D798 /* Base */ = {isa = PBXFileReference; lastKnownFileType = file.storyboard; name = Base; path = Base.lproj/Main.storyboard; sourceTree = "<group>"; };
		DEBAD057259BA1460029D798 /* Assets.xcassets */ = {isa = PBXFileReference; lastKnownFileType = folder.assetcatalog; path = Assets.xcassets; sourceTree = "<group>"; };
		DEBAD05A259BA1460029D798 /* Base */ = {isa = PBXFileReference; lastKnownFileType = file.storyboard; name = Base; path = Base.lproj/LaunchScreen.storyboard; sourceTree = "<group>"; };
		DEBAD05C259BA1460029D798 /* Info.plist */ = {isa = PBXFileReference; lastKnownFileType = text.plist.xml; path = Info.plist; sourceTree = "<group>"; };
		DEBAD062259BB43B0029D798 /* Viagem.swift */ = {isa = PBXFileReference; lastKnownFileType = sourcecode.swift; path = Viagem.swift; sourceTree = "<group>"; };
/* End PBXFileReference section */

/* Begin PBXFrameworksBuildPhase section */
		DEBAD04A259BA1420029D798 /* Frameworks */ = {
			isa = PBXFrameworksBuildPhase;
			buildActionMask = 2147483647;
			files = (
			);
			runOnlyForDeploymentPostprocessing = 0;
		};
/* End PBXFrameworksBuildPhase section */

/* Begin PBXGroup section */
		DEB6D705259CAD8C00470473 /* Model */ = {
			isa = PBXGroup;
			children = (
				DEBAD062259BB43B0029D798 /* Viagem.swift */,
			);
			path = Model;
			sourceTree = "<group>";
		};
		DEB6D706259CADA900470473 /* Home */ = {
			isa = PBXGroup;
			children = (
				DEB6D707259CADDF00470473 /* View */,
				DEB6D708259CADE400470473 /* Controller */,
			);
			path = Home;
			sourceTree = "<group>";
		};
		DEB6D707259CADDF00470473 /* View */ = {
			isa = PBXGroup;
			children = (
				DEB6D6FF259CA44900470473 /* TableViewCell.swift */,
			);
			path = View;
			sourceTree = "<group>";
		};
		DEB6D708259CADE400470473 /* Controller */ = {
			isa = PBXGroup;
			children = (
				DEBAD052259BA1420029D798 /* ViewController.swift */,
			);
			path = Controller;
			sourceTree = "<group>";
		};
		DEB6D709259CAE0A00470473 /* ViagemDAO */ = {
			isa = PBXGroup;
			children = (
				DEB6D70A259CAE1600470473 /* ViagemDAO.swift */,
			);
			path = ViagemDAO;
			sourceTree = "<group>";
		};
		DEB6D70D259CEE3900470473 /* Pacotes */ = {
			isa = PBXGroup;
			children = (
				DEB6D70F259CEE6900470473 /* View */,
				DEB6D70E259CEE5E00470473 /* Controller */,
			);
			path = Pacotes;
			sourceTree = "<group>";
		};
		DEB6D70E259CEE5E00470473 /* Controller */ = {
			isa = PBXGroup;
			children = (
				DEB6D710259CEEBF00470473 /* PacotesViagensViewController.swift */,
			);
			path = Controller;
			sourceTree = "<group>";
		};
		DEB6D70F259CEE6900470473 /* View */ = {
			isa = PBXGroup;
			children = (
				DEB6D712259CF15300470473 /* PacoteViagemCollectionViewCell.swift */,
			);
			path = View;
			sourceTree = "<group>";
		};
		DEBAD044259BA1420029D798 = {
			isa = PBXGroup;
			children = (
				DEBAD04F259BA1420029D798 /* alura-viagens */,
				DEBAD04E259BA1420029D798 /* Products */,
			);
			sourceTree = "<group>";
		};
		DEBAD04E259BA1420029D798 /* Products */ = {
			isa = PBXGroup;
			children = (
				DEBAD04D259BA1420029D798 /* alura-viagens.app */,
			);
			name = Products;
			sourceTree = "<group>";
		};
		DEBAD04F259BA1420029D798 /* alura-viagens */ = {
			isa = PBXGroup;
			children = (
				DEBAD050259BA1420029D798 /* AppDelegate.swift */,
				DEB6D705259CAD8C00470473 /* Model */,
				DEB6D706259CADA900470473 /* Home */,
				DEB6D70D259CEE3900470473 /* Pacotes */,
				DEB6D709259CAE0A00470473 /* ViagemDAO */,
				DEB6D703259CA9EA00470473 /* Assets */,
				DEBAD054259BA1420029D798 /* Main.storyboard */,
				DEBAD057259BA1460029D798 /* Assets.xcassets */,
				DEBAD059259BA1460029D798 /* LaunchScreen.storyboard */,
				DEBAD05C259BA1460029D798 /* Info.plist */,
			);
			path = "alura-viagens";
			sourceTree = "<group>";
		};
/* End PBXGroup section */

/* Begin PBXNativeTarget section */
		DEBAD04C259BA1420029D798 /* alura-viagens */ = {
			isa = PBXNativeTarget;
			buildConfigurationList = DEBAD05F259BA1460029D798 /* Build configuration list for PBXNativeTarget "alura-viagens" */;
			buildPhases = (
				DEBAD049259BA1420029D798 /* Sources */,
				DEBAD04A259BA1420029D798 /* Frameworks */,
				DEBAD04B259BA1420029D798 /* Resources */,
			);
			buildRules = (
			);
			dependencies = (
			);
			name = "alura-viagens";
			productName = "alura-viagens";
			productReference = DEBAD04D259BA1420029D798 /* alura-viagens.app */;
			productType = "com.apple.product-type.application";
		};
/* End PBXNativeTarget section */

/* Begin PBXProject section */
		DEBAD045259BA1420029D798 /* Project object */ = {
			isa = PBXProject;
			attributes = {
				LastSwiftUpdateCheck = 1010;
				LastUpgradeCheck = 1010;
				ORGANIZATIONNAME = "Mathias Almeida Nonohay";
				TargetAttributes = {
					DEBAD04C259BA1420029D798 = {
						CreatedOnToolsVersion = 10.1;
					};
				};
			};
			buildConfigurationList = DEBAD048259BA1420029D798 /* Build configuration list for PBXProject "alura-viagens" */;
			compatibilityVersion = "Xcode 9.3";
			developmentRegion = en;
			hasScannedForEncodings = 0;
			knownRegions = (
				en,
				Base,
			);
			mainGroup = DEBAD044259BA1420029D798;
			productRefGroup = DEBAD04E259BA1420029D798 /* Products */;
			projectDirPath = "";
			projectRoot = "";
			targets = (
				DEBAD04C259BA1420029D798 /* alura-viagens */,
			);
		};
/* End PBXProject section */

/* Begin PBXResourcesBuildPhase section */
		DEBAD04B259BA1420029D798 /* Resources */ = {
			isa = PBXResourcesBuildPhase;
			buildActionMask = 2147483647;
			files = (
				DEBAD05B259BA1460029D798 /* LaunchScreen.storyboard in Resources */,
				DEB6D704259CA9EA00470473 /* Assets in Resources */,
				DEBAD058259BA1460029D798 /* Assets.xcassets in Resources */,
				DEBAD056259BA1420029D798 /* Main.storyboard in Resources */,
			);
			runOnlyForDeploymentPostprocessing = 0;
		};
/* End PBXResourcesBuildPhase section */

/* Begin PBXSourcesBuildPhase section */
		DEBAD049259BA1420029D798 /* Sources */ = {
			isa = PBXSourcesBuildPhase;
			buildActionMask = 2147483647;
			files = (
				DEBAD053259BA1420029D798 /* ViewController.swift in Sources */,
				DEB6D70C259CAE6900470473 /* ViagemDAO.swift in Sources */,
				DEB6D700259CA44900470473 /* TableViewCell.swift in Sources */,
				DEBAD063259BB43B0029D798 /* Viagem.swift in Sources */,
				DEB6D711259CEEBF00470473 /* PacotesViagensViewController.swift in Sources */,
				DEB6D713259CF15300470473 /* PacoteViagemCollectionViewCell.swift in Sources */,
				DEBAD051259BA1420029D798 /* AppDelegate.swift in Sources */,
			);
			runOnlyForDeploymentPostprocessing = 0;
		};
/* End PBXSourcesBuildPhase section */

/* Begin PBXVariantGroup section */
		DEBAD054259BA1420029D798 /* Main.storyboard */ = {
			isa = PBXVariantGroup;
			children = (
				DEBAD055259BA1420029D798 /* Base */,
			);
			name = Main.storyboard;
			sourceTree = "<group>";
		};
		DEBAD059259BA1460029D798 /* LaunchScreen.storyboard */ = {
			isa = PBXVariantGroup;
			children = (
				DEBAD05A259BA1460029D798 /* Base */,
			);
			name = LaunchScreen.storyboard;
			sourceTree = "<group>";
		};
/* End PBXVariantGroup section */

/* Begin XCBuildConfiguration section */
		DEBAD05D259BA1460029D798 /* Debug */ = {
			isa = XCBuildConfiguration;
			buildSettings = {
				ALWAYS_SEARCH_USER_PATHS = NO;
				CLANG_ANALYZER_NONNULL = YES;
				CLANG_ANALYZER_NUMBER_OBJECT_CONVERSION = YES_AGGRESSIVE;
				CLANG_CXX_LANGUAGE_STANDARD = "gnu++14";
				CLANG_CXX_LIBRARY = "libc++";
				CLANG_ENABLE_MODULES = YES;
				CLANG_ENABLE_OBJC_ARC = YES;
				CLANG_ENABLE_OBJC_WEAK = YES;
				CLANG_WARN_BLOCK_CAPTURE_AUTORELEASING = YES;
				CLANG_WARN_BOOL_CONVERSION = YES;
				CLANG_WARN_COMMA = YES;
				CLANG_WARN_CONSTANT_CONVERSION = YES;
				CLANG_WARN_DEPRECATED_OBJC_IMPLEMENTATIONS = YES;
				CLANG_WARN_DIRECT_OBJC_ISA_USAGE = YES_ERROR;
				CLANG_WARN_DOCUMENTATION_COMMENTS = YES;
				CLANG_WARN_EMPTY_BODY = YES;
				CLANG_WARN_ENUM_CONVERSION = YES;
				CLANG_WARN_INFINITE_RECURSION = YES;
				CLANG_WARN_INT_CONVERSION = YES;
				CLANG_WARN_NON_LITERAL_NULL_CONVERSION = YES;
				CLANG_WARN_OBJC_IMPLICIT_RETAIN_SELF = YES;
				CLANG_WARN_OBJC_LITERAL_CONVERSION = YES;
				CLANG_WARN_OBJC_ROOT_CLASS = YES_ERROR;
				CLANG_WARN_RANGE_LOOP_ANALYSIS = YES;
				CLANG_WARN_STRICT_PROTOTYPES = YES;
				CLANG_WARN_SUSPICIOUS_MOVE = YES;
				CLANG_WARN_UNGUARDED_AVAILABILITY = YES_AGGRESSIVE;
				CLANG_WARN_UNREACHABLE_CODE = YES;
				CLANG_WARN__DUPLICATE_METHOD_MATCH = YES;
				CODE_SIGN_IDENTITY = "iPhone Developer";
				COPY_PHASE_STRIP = NO;
				DEBUG_INFORMATION_FORMAT = dwarf;
				ENABLE_STRICT_OBJC_MSGSEND = YES;
				ENABLE_TESTABILITY = YES;
				GCC_C_LANGUAGE_STANDARD = gnu11;
				GCC_DYNAMIC_NO_PIC = NO;
				GCC_NO_COMMON_BLOCKS = YES;
				GCC_OPTIMIZATION_LEVEL = 0;
				GCC_PREPROCESSOR_DEFINITIONS = (
					"DEBUG=1",
					"$(inherited)",
				);
				GCC_WARN_64_TO_32_BIT_CONVERSION = YES;
				GCC_WARN_ABOUT_RETURN_TYPE = YES_ERROR;
				GCC_WARN_UNDECLARED_SELECTOR = YES;
				GCC_WARN_UNINITIALIZED_AUTOS = YES_AGGRESSIVE;
				GCC_WARN_UNUSED_FUNCTION = YES;
				GCC_WARN_UNUSED_VARIABLE = YES;
				IPHONEOS_DEPLOYMENT_TARGET = 12.1;
				MTL_ENABLE_DEBUG_INFO = INCLUDE_SOURCE;
				MTL_FAST_MATH = YES;
				ONLY_ACTIVE_ARCH = YES;
				SDKROOT = iphoneos;
				SWIFT_ACTIVE_COMPILATION_CONDITIONS = DEBUG;
				SWIFT_OPTIMIZATION_LEVEL = "-Onone";
			};
			name = Debug;
		};
		DEBAD05E259BA1460029D798 /* Release */ = {
			isa = XCBuildConfiguration;
			buildSettings = {
				ALWAYS_SEARCH_USER_PATHS = NO;
				CLANG_ANALYZER_NONNULL = YES;
				CLANG_ANALYZER_NUMBER_OBJECT_CONVERSION = YES_AGGRESSIVE;
				CLANG_CXX_LANGUAGE_STANDARD = "gnu++14";
				CLANG_CXX_LIBRARY = "libc++";
				CLANG_ENABLE_MODULES = YES;
				CLANG_ENABLE_OBJC_ARC = YES;
				CLANG_ENABLE_OBJC_WEAK = YES;
				CLANG_WARN_BLOCK_CAPTURE_AUTORELEASING = YES;
				CLANG_WARN_BOOL_CONVERSION = YES;
				CLANG_WARN_COMMA = YES;
				CLANG_WARN_CONSTANT_CONVERSION = YES;
				CLANG_WARN_DEPRECATED_OBJC_IMPLEMENTATIONS = YES;
				CLANG_WARN_DIRECT_OBJC_ISA_USAGE = YES_ERROR;
				CLANG_WARN_DOCUMENTATION_COMMENTS = YES;
				CLANG_WARN_EMPTY_BODY = YES;
				CLANG_WARN_ENUM_CONVERSION = YES;
				CLANG_WARN_INFINITE_RECURSION = YES;
				CLANG_WARN_INT_CONVERSION = YES;
				CLANG_WARN_NON_LITERAL_NULL_CONVERSION = YES;
				CLANG_WARN_OBJC_IMPLICIT_RETAIN_SELF = YES;
				CLANG_WARN_OBJC_LITERAL_CONVERSION = YES;
				CLANG_WARN_OBJC_ROOT_CLASS = YES_ERROR;
				CLANG_WARN_RANGE_LOOP_ANALYSIS = YES;
				CLANG_WARN_STRICT_PROTOTYPES = YES;
				CLANG_WARN_SUSPICIOUS_MOVE = YES;
				CLANG_WARN_UNGUARDED_AVAILABILITY = YES_AGGRESSIVE;
				CLANG_WARN_UNREACHABLE_CODE = YES;
				CLANG_WARN__DUPLICATE_METHOD_MATCH = YES;
				CODE_SIGN_IDENTITY = "iPhone Developer";
				COPY_PHASE_STRIP = NO;
				DEBUG_INFORMATION_FORMAT = "dwarf-with-dsym";
				ENABLE_NS_ASSERTIONS = NO;
				ENABLE_STRICT_OBJC_MSGSEND = YES;
				GCC_C_LANGUAGE_STANDARD = gnu11;
				GCC_NO_COMMON_BLOCKS = YES;
				GCC_WARN_64_TO_32_BIT_CONVERSION = YES;
				GCC_WARN_ABOUT_RETURN_TYPE = YES_ERROR;
				GCC_WARN_UNDECLARED_SELECTOR = YES;
				GCC_WARN_UNINITIALIZED_AUTOS = YES_AGGRESSIVE;
				GCC_WARN_UNUSED_FUNCTION = YES;
				GCC_WARN_UNUSED_VARIABLE = YES;
				IPHONEOS_DEPLOYMENT_TARGET = 12.1;
				MTL_ENABLE_DEBUG_INFO = NO;
				MTL_FAST_MATH = YES;
				SDKROOT = iphoneos;
				SWIFT_COMPILATION_MODE = wholemodule;
				SWIFT_OPTIMIZATION_LEVEL = "-O";
				VALIDATE_PRODUCT = YES;
			};
			name = Release;
		};
		DEBAD060259BA1460029D798 /* Debug */ = {
			isa = XCBuildConfiguration;
			buildSettings = {
				ASSETCATALOG_COMPILER_APPICON_NAME = AppIcon;
				CODE_SIGN_STYLE = Automatic;
				INFOPLIST_FILE = "alura-viagens/Info.plist";
				LD_RUNPATH_SEARCH_PATHS = (
					"$(inherited)",
					"@executable_path/Frameworks",
				);
				PRODUCT_BUNDLE_IDENTIFIER = "com.br.mathias.alura-viagens";
				PRODUCT_NAME = "$(TARGET_NAME)";
				SWIFT_VERSION = 4.2;
				TARGETED_DEVICE_FAMILY = "1,2";
			};
			name = Debug;
		};
		DEBAD061259BA1460029D798 /* Release */ = {
			isa = XCBuildConfiguration;
			buildSettings = {
				ASSETCATALOG_COMPILER_APPICON_NAME = AppIcon;
				CODE_SIGN_STYLE = Automatic;
				INFOPLIST_FILE = "alura-viagens/Info.plist";
				LD_RUNPATH_SEARCH_PATHS = (
					"$(inherited)",
					"@executable_path/Frameworks",
				);
				PRODUCT_BUNDLE_IDENTIFIER = "com.br.mathias.alura-viagens";
				PRODUCT_NAME = "$(TARGET_NAME)";
				SWIFT_VERSION = 4.2;
				TARGETED_DEVICE_FAMILY = "1,2";
			};
			name = Release;
		};
/* End XCBuildConfiguration section */

/* Begin XCConfigurationList section */
		DEBAD048259BA1420029D798 /* Build configuration list for PBXProject "alura-viagens" */ = {
			isa = XCConfigurationList;
			buildConfigurations = (
				DEBAD05D259BA1460029D798 /* Debug */,
				DEBAD05E259BA1460029D798 /* Release */,
			);
			defaultConfigurationIsVisible = 0;
			defaultConfigurationName = Release;
		};
		DEBAD05F259BA1460029D798 /* Build configuration list for PBXNativeTarget "alura-viagens" */ = {
			isa = XCConfigurationList;
			buildConfigurations = (
				DEBAD060259BA1460029D798 /* Debug */,
				DEBAD061259BA1460029D798 /* Release */,
			);
			defaultConfigurationIsVisible = 0;
			defaultConfigurationName = Release;
		};
/* End XCConfigurationList section */
	};
	rootObject = DEBAD045259BA1420029D798 /* Project object */;
}
